{
  "lockfileVersion": 1,
  "configVersion": 1,
  "workspaces": {
    "": {
      "name": "yesod-auth-admin-tour",
      "dependencies": {
        "driver.js": "1.4.0",
      },
    },
  },
  "packages": {
    "driver.js": ["driver.js@1.4.0", "", {}, "sha512-Gm64jm6PmcU+si21sQhBrTAM1JvUrR0QhNmjkprNLxohOBzul9+pNHXgQaT9lW84gwg9GMLB3NZGuGolsz5uew=="],
  }
}
